
Microsoft Visual Studio Solution File, Format Version 12.00
# Visual Studio 15
VisualStudioVersion = 15.0.28010.2046
MinimumVisualStudioVersion = 10.0.40219.1
Project("{8BC9CEB8-8B4A-11D0-8D11-00A0C91BC942}") = "p18", "p18\p18.vcxproj", "{19A3CD79-031A-4A13-BB98-9EE9D63F8A73}"
EndProject
Global
	GlobalSection(SolutionConfigurationPlatforms) = preSolution
		Debug|x64 = Debug|x64
		Debug|x86 = Debug|x86
		Release|x64 = Release|x64
		Release|x86 = Release|x86
	EndGlobalSection
	GlobalSection(ProjectConfigurationPlatforms) = postSolution
		{19A3CD79-031A-4A13-BB98-9EE9D63F8A73}.Debug|x64.ActiveCfg = Debug|x64
		{19A3CD79-031A-4A13-BB98-9EE9D63F8A73}.Debug|x64.Build.0 = Debug|x64
		{19A3CD79-031A-4A13-BB98-9EE9D63F8A73}.Debug|x86.ActiveCfg = Debug|Win32
		{19A3CD79-031A-4A13-BB98-9EE9D63F8A73}.Debug|x86.Build.0 = Debug|Win32
		{19A3CD79-031A-4A13-BB98-9EE9D63F8A73}.Release|x64.ActiveCfg = Release|x64
		{19A3CD79-031A-4A13-BB98-9EE9D63F8A73}.Release|x64.Build.0 = Release|x64
		{19A3CD79-031A-4A13-BB98-9EE9D63F8A73}.Release|x86.ActiveCfg = Release|Win32
		{19A3CD79-031A-4A13-BB98-9EE9D63F8A73}.Release|x86.Build.0 = Release|Win32
	EndGlobalSection
	GlobalSection(SolutionProperties) = preSolution
		HideSolutionNode = FALSE
	EndGlobalSection
	GlobalSection(ExtensibilityGlobals) = postSolution
		SolutionGuid = {BBB3DB88-BF47-4F7B-942E-499CE2DF83FA}
	EndGlobalSection
EndGlobal
